
Microsoft Visual Studio Solution File, Format Version 12.00
# Visual Studio 15
VisualStudioVersion = 15.0.28010.2050
MinimumVisualStudioVersion = 10.0.40219.1
Project("{FAE04EC0-301F-11D3-BF4B-00C04F79EFBC}") = "VinylStore", "VinylStore\VinylStore.csproj", "{934B50F3-55AD-42BC-AE5E-6F4C06B14060}"
EndProject
Global
	GlobalSection(SolutionConfigurationPlatforms) = preSolution
		Debug|Any CPU = Debug|Any CPU
		Release|Any CPU = Release|Any CPU
	EndGlobalSection
	GlobalSection(ProjectConfigurationPlatforms) = postSolution
		{934B50F3-55AD-42BC-AE5E-6F4C06B14060}.Debug|Any CPU.ActiveCfg = Debug|Any CPU
		{934B50F3-55AD-42BC-AE5E-6F4C06B14060}.Debug|Any CPU.Build.0 = Debug|Any CPU
		{934B50F3-55AD-42BC-AE5E-6F4C06B14060}.Release|Any CPU.ActiveCfg = Release|Any CPU
		{934B50F3-55AD-42BC-AE5E-6F4C06B14060}.Release|Any CPU.Build.0 = Release|Any CPU
	EndGlobalSection
	GlobalSection(SolutionProperties) = preSolution
		HideSolutionNode = FALSE
	EndGlobalSection
	GlobalSection(ExtensibilityGlobals) = postSolution
		SolutionGuid = {8F430D03-7EE1-42C3-95EE-B102925B1424}
	EndGlobalSection
EndGlobal
